
Microsoft Visual Studio Solution File, Format Version 12.00
# Visual Studio Version 17
VisualStudioVersion = 17.14.37216.2
MinimumVisualStudioVersion = 10.0.40219.1
Project("{FAE04EC0-301F-11D3-BF4B-00C04F79EFBC}") = "Monolito_4bm", "Monolito_4bm\Monolito_4bm.csproj", "{4F781C73-D83C-42EF-A24C-25069BFDC99D}"
EndProject
Project("{FAE04EC0-301F-11D3-BF4B-00C04F79EFBC}") = "Capa_Negocio", "Capa_Negocio\Capa_Negocio.csproj", "{23D09BC5-B24E-4852-AEF5-698B0D013E1C}"
EndProject
Project("{FAE04EC0-301F-11D3-BF4B-00C04F79EFBC}") = "Capa_Datos", "Capa_Datos\Capa_Datos.csproj", "{F94DD2A6-D0C3-4945-96DD-76E9DCD5F6ED}"
EndProject
Global
	GlobalSection(SolutionConfigurationPlatforms) = preSolution
		Debug|Any CPU = Debug|Any CPU
		Release|Any CPU = Release|Any CPU
	EndGlobalSection
	GlobalSection(ProjectConfigurationPlatforms) = postSolution
		{4F781C73-D83C-42EF-A24C-25069BFDC99D}.Debug|Any CPU.ActiveCfg = Debug|Any CPU
		{4F781C73-D83C-42EF-A24C-25069BFDC99D}.Debug|Any CPU.Build.0 = Debug|Any CPU
		{4F781C73-D83C-42EF-A24C-25069BFDC99D}.Release|Any CPU.ActiveCfg = Release|Any CPU
		{4F781C73-D83C-42EF-A24C-25069BFDC99D}.Release|Any CPU.Build.0 = Release|Any CPU
		{23D09BC5-B24E-4852-AEF5-698B0D013E1C}.Debug|Any CPU.ActiveCfg = Debug|Any CPU
		{23D09BC5-B24E-4852-AEF5-698B0D013E1C}.Debug|Any CPU.Build.0 = Debug|Any CPU
		{23D09BC5-B24E-4852-AEF5-698B0D013E1C}.Release|Any CPU.ActiveCfg = Release|Any CPU
		{23D09BC5-B24E-4852-AEF5-698B0D013E1C}.Release|Any CPU.Build.0 = Release|Any CPU
		{F94DD2A6-D0C3-4945-96DD-76E9DCD5F6ED}.Debug|Any CPU.ActiveCfg = Debug|Any CPU
		{F94DD2A6-D0C3-4945-96DD-76E9DCD5F6ED}.Debug|Any CPU.Build.0 = Debug|Any CPU
		{F94DD2A6-D0C3-4945-96DD-76E9DCD5F6ED}.Release|Any CPU.ActiveCfg = Release|Any CPU
		{F94DD2A6-D0C3-4945-96DD-76E9DCD5F6ED}.Release|Any CPU.Build.0 = Release|Any CPU
	EndGlobalSection
	GlobalSection(SolutionProperties) = preSolution
		HideSolutionNode = FALSE
	EndGlobalSection
	GlobalSection(ExtensibilityGlobals) = postSolution
		SolutionGuid = {21427617-4D89-40FF-B926-D60154D69EBC}
	EndGlobalSection
EndGlobal
